{
  "name": "github-action",
  "lockfileVersion": 2,
  "requires": true,
  "packages": {
    "": {
      "dependencies": {
        "@vercel/ncc": "^0.28.3"
      }
    },
    "node_modules/@vercel/ncc": {
      "version": "0.28.3",
      "resolved": "https://registry.npmjs.org/@vercel/ncc/-/ncc-0.28.3.tgz",
      "integrity": "sha512-g3gk4D9itbhUQa5MtN7TOdeoQnNLkPDCox5SBaQ/H3Or5lo59TOaZWrLb+x47StiAJ+8DXZS/9MJ67cIBWSsRw==",
      "bin": {
        "ncc": "dist/ncc/cli.js"
      }
    }
  },
  "dependencies": {
    "@vercel/ncc": {
      "version": "0.28.3",
      "resolved": "https://registry.npmjs.org/@vercel/ncc/-/ncc-0.28.3.tgz",
      "integrity": "sha512-g3gk4D9itbhUQa5MtN7TOdeoQnNLkPDCox5SBaQ/H3Or5lo59TOaZWrLb+x47StiAJ+8DXZS/9MJ67cIBWSsRw=="
    }
  }
}
